
Microsoft Visual Studio Solution File, Format Version 12.00
# Visual Studio Version 17
VisualStudioVersion = 17.8.34525.116
MinimumVisualStudioVersion = 10.0.40219.1
Project("{9A19103F-16F7-4668-BE54-9A1E7A4F7556}") = "Lecture5_HW_5.1_Additional", "Lecture5_HW_5.1_Additional\Lecture5_HW_5.1_Additional.csproj", "{554CE0DA-A45E-4E8B-A134-0094ED6FF611}"
EndProject
Project("{9A19103F-16F7-4668-BE54-9A1E7A4F7556}") = "PartII", "PartII\PartII.csproj", "{489FBF1B-2AEE-4321-8067-6361E40AC904}"
EndProject
Global
	GlobalSection(SolutionConfigurationPlatforms) = preSolution
		Debug|Any CPU = Debug|Any CPU
		Release|Any CPU = Release|Any CPU
	EndGlobalSection
	GlobalSection(ProjectConfigurationPlatforms) = postSolution
		{554CE0DA-A45E-4E8B-A134-0094ED6FF611}.Debug|Any CPU.ActiveCfg = Debug|Any CPU
		{554CE0DA-A45E-4E8B-A134-0094ED6FF611}.Debug|Any CPU.Build.0 = Debug|Any CPU
		{554CE0DA-A45E-4E8B-A134-0094ED6FF611}.Release|Any CPU.ActiveCfg = Release|Any CPU
		{554CE0DA-A45E-4E8B-A134-0094ED6FF611}.Release|Any CPU.Build.0 = Release|Any CPU
		{489FBF1B-2AEE-4321-8067-6361E40AC904}.Debug|Any CPU.ActiveCfg = Debug|Any CPU
		{489FBF1B-2AEE-4321-8067-6361E40AC904}.Debug|Any CPU.Build.0 = Debug|Any CPU
		{489FBF1B-2AEE-4321-8067-6361E40AC904}.Release|Any CPU.ActiveCfg = Release|Any CPU
		{489FBF1B-2AEE-4321-8067-6361E40AC904}.Release|Any CPU.Build.0 = Release|Any CPU
	EndGlobalSection
	GlobalSection(SolutionProperties) = preSolution
		HideSolutionNode = FALSE
	EndGlobalSection
	GlobalSection(ExtensibilityGlobals) = postSolution
		SolutionGuid = {06BCA058-271C-4611-A197-3571BAAD9528}
	EndGlobalSection
EndGlobal
